# This file is automatically @generated by Cargo.
# It is not intended for manual editing.
version = 3

[[package]]
name = "double-linked-list-nyxtom"
version = "0.1.0"

[[package]]
name = "hmap"
version = "0.1.0"

[[package]]
name = "linked-list-ryan"
version = "0.1.0"

[[package]]
name = "lru_cache_nyxtom"
version = "0.1.0"

[[package]]
name = "rust-playground"
version = "0.1.0"

[[package]]
name = "trie_nyxtom"
version = "0.1.0"

[[package]]
name = "vec_ryan"
version = "0.1.0"
